
Microsoft Visual Studio Solution File, Format Version 12.00
# Visual Studio 14
VisualStudioVersion = 14.0.25420.1
MinimumVisualStudioVersion = 10.0.40219.1
Project("{FAE04EC0-301F-11D3-BF4B-00C04F79EFBC}") = "prjFacturaPapeleria", "prjFacturaPapeleria\prjFacturaPapeleria.csproj", "{AF52D82C-8840-4DDC-AF32-2D34CB166D61}"
EndProject
Project("{FAE04EC0-301F-11D3-BF4B-00C04F79EFBC}") = "libUtilidades", "libUtilidades\libUtilidades.csproj", "{7B14B7CE-0A9F-4C68-9F92-BB9BDFE76083}"
EndProject
Global
	GlobalSection(SolutionConfigurationPlatforms) = preSolution
		Debug|Any CPU = Debug|Any CPU
		Debug|x86 = Debug|x86
		Release|Any CPU = Release|Any CPU
		Release|x86 = Release|x86
	EndGlobalSection
	GlobalSection(ProjectConfigurationPlatforms) = postSolution
		{AF52D82C-8840-4DDC-AF32-2D34CB166D61}.Debug|Any CPU.ActiveCfg = Debug|x86
		{AF52D82C-8840-4DDC-AF32-2D34CB166D61}.Debug|x86.ActiveCfg = Debug|x86
		{AF52D82C-8840-4DDC-AF32-2D34CB166D61}.Debug|x86.Build.0 = Debug|x86
		{AF52D82C-8840-4DDC-AF32-2D34CB166D61}.Release|Any CPU.ActiveCfg = Release|x86
		{AF52D82C-8840-4DDC-AF32-2D34CB166D61}.Release|x86.ActiveCfg = Release|x86
		{AF52D82C-8840-4DDC-AF32-2D34CB166D61}.Release|x86.Build.0 = Release|x86
		{7B14B7CE-0A9F-4C68-9F92-BB9BDFE76083}.Debug|Any CPU.ActiveCfg = Debug|Any CPU
		{7B14B7CE-0A9F-4C68-9F92-BB9BDFE76083}.Debug|Any CPU.Build.0 = Debug|Any CPU
		{7B14B7CE-0A9F-4C68-9F92-BB9BDFE76083}.Debug|x86.ActiveCfg = Debug|Any CPU
		{7B14B7CE-0A9F-4C68-9F92-BB9BDFE76083}.Debug|x86.Build.0 = Debug|Any CPU
		{7B14B7CE-0A9F-4C68-9F92-BB9BDFE76083}.Release|Any CPU.ActiveCfg = Release|Any CPU
		{7B14B7CE-0A9F-4C68-9F92-BB9BDFE76083}.Release|Any CPU.Build.0 = Release|Any CPU
		{7B14B7CE-0A9F-4C68-9F92-BB9BDFE76083}.Release|x86.ActiveCfg = Release|Any CPU
		{7B14B7CE-0A9F-4C68-9F92-BB9BDFE76083}.Release|x86.Build.0 = Release|Any CPU
	EndGlobalSection
	GlobalSection(SolutionProperties) = preSolution
		HideSolutionNode = FALSE
	EndGlobalSection
EndGlobal
